{
  "nodes": {
    "home-manager": {
      "inputs": {
        "nixpkgs": [
          "nixpkgs"
        ]
      },
      "locked": {
        "lastModified": 1720042825,
        "narHash": "sha256-A0vrUB6x82/jvf17qPCpxaM+ulJnD8YZwH9Ci0BsAzE=",
        "owner": "nix-community",
        "repo": "home-manager",
        "rev": "e1391fb22e18a36f57e6999c7a9f966dc80ac073",
        "type": "github"
      },
      "original": {
        "owner": "nix-community",
        "ref": "release-24.05",
        "repo": "home-manager",
        "type": "github"
      }
    },
    "nixcfg": {
      "inputs": {
        "srvos": "srvos"
      },
      "locked": {
        "lastModified": 1724273721,
        "narHash": "sha256-R+tIRTcGu1DOw5WE52jGuSxPcA7BSCwcgN5zhyrm3m4=",
        "owner": "averyanalex",
        "repo": "nixcfg",
        "rev": "2585d2e407548457e4cb9d4fb8b381d59b391070",
        "type": "github"
      },
      "original": {
        "owner": "averyanalex",
        "repo": "nixcfg",
        "type": "github"
      }
    },
    "nixpkgs": {
      "locked": {
        "lastModified": 1723556749,
        "narHash": "sha256-+CHVZnTnIYRLYsARInHYoWkujzcRkLY/gXm3s5bE52o=",
        "owner": "nixos",
        "repo": "nixpkgs",
        "rev": "4a92571f9207810b559c9eac203d1f4d79830073",
        "type": "github"
      },
      "original": {
        "owner": "nixos",
        "ref": "nixos-24.05",
        "repo": "nixpkgs",
        "type": "github"
      }
    },
    "nixpkgs-amnezia": {
      "locked": {
        "lastModified": 1722775889,
        "narHash": "sha256-v/A3RcLw8G/P3ygCW8wOagmy4Op9w2sy8FKytGfuxUw=",
        "owner": "averyanalex",
        "repo": "nixpkgs",
        "rev": "24f9ff9c1416523a12bf3f516d7f467b025f01e7",
        "type": "github"
      },
      "original": {
        "owner": "averyanalex",
        "ref": "amneziawg",
        "repo": "nixpkgs",
        "type": "github"
      }
    },
    "nixpkgs-unstable": {
      "locked": {
        "lastModified": 1723637854,
        "narHash": "sha256-med8+5DSWa2UnOqtdICndjDAEjxr5D7zaIiK4pn0Q7c=",
        "owner": "nixos",
        "repo": "nixpkgs",
        "rev": "c3aa7b8938b17aebd2deecf7be0636000d62a2b9",
        "type": "github"
      },
      "original": {
        "owner": "nixos",
        "ref": "nixos-unstable",
        "repo": "nixpkgs",
        "type": "github"
      }
    },
    "nur": {
      "locked": {
        "lastModified": 1724578552,
        "narHash": "sha256-KOuJoNt4X52WnXxRHkHIQSc4zT0wyakLjD0hTnTldAw=",
        "owner": "nix-community",
        "repo": "NUR",
        "rev": "3ec4afdaaf4072178efd81569c4491b59e74c2c1",
        "type": "github"
      },
      "original": {
        "owner": "nix-community",
        "repo": "NUR",
        "type": "github"
      }
    },
    "root": {
      "inputs": {
        "home-manager": "home-manager",
        "nixcfg": "nixcfg",
        "nixpkgs": "nixpkgs",
        "nixpkgs-amnezia": "nixpkgs-amnezia",
        "nixpkgs-unstable": "nixpkgs-unstable",
        "nur": "nur"
      }
    },
    "srvos": {
      "flake": false,
      "locked": {
        "lastModified": 1722473484,
        "narHash": "sha256-gl0NnSdNwjuAgIHfmGSVx/2jKHNfN5ie8Ex6OTjfczY=",
        "owner": "nix-community",
        "repo": "srvos",
        "rev": "46a59095dc9228a945bf1ee8160b397eb502ad6c",
        "type": "github"
      },
      "original": {
        "owner": "nix-community",
        "repo": "srvos",
        "type": "github"
      }
    }
  },
  "root": "root",
  "version": 7
}
