{
  "nodes": {
    "flake-parts": {
      "inputs": {
        "nixpkgs-lib": [
          "nur",
          "nixpkgs"
        ]
      },
      "locked": {
        "lastModified": 1733312601,
        "narHash": "sha256-4pDvzqnegAfRkPwO3wmwBhVi/Sye1mzps0zHWYnP88c=",
        "owner": "hercules-ci",
        "repo": "flake-parts",
        "rev": "205b12d8b7cd4802fbcb8e8ef6a0f1408781a4f9",
        "type": "github"
      },
      "original": {
        "owner": "hercules-ci",
        "repo": "flake-parts",
        "type": "github"
      }
    },
    "home-manager": {
      "inputs": {
        "nixpkgs": [
          "nixpkgs"
        ]
      },
      "locked": {
        "lastModified": 1790989254,
        "narHash": "sha256-ZN+riaeFuE+DZ5zfqJiXlM12jLwZzeIXiNkU1YeHMXI=",
        "owner": "nix-community",
        "repo": "home-manager",
        "rev": "acd21c5a3420a9d5fd0ed06299b10828267ef9ba",
        "type": "github"
      },
      "original": {
        "owner": "nix-community",
        "repo": "home-manager",
        "type": "github"
      }
    },
    "nix-vscode-extensions": {
      "inputs": {
        "nixpkgs": [
          "nixpkgs"
        ]
      },
      "locked": {
        "lastModified": 1791090937,
        "narHash": "sha256-MBvpk3Bvc/yuuyaYtXez5cXHzmQa2Yq6hZKRYhPu1LQ=",
        "owner": "nix-community",
        "repo": "nix-vscode-extensions",
        "rev": "b5637e0817f6e8010fa95317719353059f88d727",
        "type": "github"
      },
      "original": {
        "owner": "nix-community",
        "repo": "nix-vscode-extensions",
        "type": "github"
      }
    },
    "nixcfg": {
      "inputs": {
        "srvos": "srvos"
      },
      "locked": {
        "lastModified": 1770904694,
        "narHash": "sha256-HgjSLSs/7Fk+Me3DPOaswOumyO5UO0CDU/UT/3pnU7w=",
        "owner": "kirill4smirnov",
        "repo": "nixcfg",
        "rev": "35957774e600e39b6b5478b9b398cad5e8050420",
        "type": "github"
      },
      "original": {
        "owner": "kirill4smirnov",
        "repo": "nixcfg",
        "type": "github"
      }
    },
    "nixpkgs": {
      "locked": {
        "lastModified": 1790822859,
        "narHash": "sha256-69xHQhAeMAD2wDXO7T2pcOZIF9Sga2W+JkmY2a11Ops=",
        "owner": "nixos",
        "repo": "nixpkgs",
        "rev": "c59305bab2065cfecc4944690d9eedbb56f3a9fa",
        "type": "github"
      },
      "original": {
        "owner": "nixos",
        "ref": "nixos-unstable",
        "repo": "nixpkgs",
        "type": "github"
      }
    },
    "nur": {
      "inputs": {
        "flake-parts": "flake-parts",
        "nixpkgs": [
          "nixpkgs"
        ]
      },
      "locked": {
        "lastModified": 1791092686,
        "narHash": "sha256-SUIJ/7fRpWp7Rm63F1fdh1drrXbdYZg8zDR8k4bRwFU=",
        "owner": "nix-community",
        "repo": "NUR",
        "rev": "b4d76bfb5ca7588deca17505393f4b9f8368c110",
        "type": "github"
      },
      "original": {
        "owner": "nix-community",
        "repo": "NUR",
        "type": "github"
      }
    },
    "root": {
      "inputs": {
        "home-manager": "home-manager",
        "nix-vscode-extensions": "nix-vscode-extensions",
        "nixcfg": "nixcfg",
        "nixpkgs": "nixpkgs",
        "nur": "nur"
      }
    },
    "srvos": {
      "flake": false,
      "locked": {
        "lastModified": 1722473484,
        "narHash": "sha256-gl0NnSdNwjuAgIHfmGSVx/2jKHNfN5ie8Ex6OTjfczY=",
        "owner": "nix-community",
        "repo": "srvos",
        "rev": "46a59095dc9228a945bf1ee8160b397eb502ad6c",
        "type": "github"
      },
      "original": {
        "owner": "nix-community",
        "repo": "srvos",
        "type": "github"
      }
    }
  },
  "root": "root",
  "version": 7
}
